
Microsoft Visual Studio Solution File, Format Version 12.00
# Visual Studio Version 17
VisualStudioVersion = 17.3.32811.315
MinimumVisualStudioVersion = 10.0.40219.1
Project("{FAE04EC0-301F-11D3-BF4B-00C04F79EFBC}") = "WinFormsApp1", "WinFormsApp1\WinFormsApp1.csproj", "{1E8A891E-7FC1-405B-9D70-A9FCAE0FEA7F}"
EndProject
Global
	GlobalSection(SolutionConfigurationPlatforms) = preSolution
		Debug|Any CPU = Debug|Any CPU
		Release|Any CPU = Release|Any CPU
	EndGlobalSection
	GlobalSection(ProjectConfigurationPlatforms) = postSolution
		{1E8A891E-7FC1-405B-9D70-A9FCAE0FEA7F}.Debug|Any CPU.ActiveCfg = Debug|Any CPU
		{1E8A891E-7FC1-405B-9D70-A9FCAE0FEA7F}.Debug|Any CPU.Build.0 = Debug|Any CPU
		{1E8A891E-7FC1-405B-9D70-A9FCAE0FEA7F}.Release|Any CPU.ActiveCfg = Release|Any CPU
		{1E8A891E-7FC1-405B-9D70-A9FCAE0FEA7F}.Release|Any CPU.Build.0 = Release|Any CPU
	EndGlobalSection
	GlobalSection(SolutionProperties) = preSolution
		HideSolutionNode = FALSE
	EndGlobalSection
	GlobalSection(ExtensibilityGlobals) = postSolution
		SolutionGuid = {1ECC4FDE-470F-4D93-A425-1EA5CFD3B774}
	EndGlobalSection
EndGlobal
